// !$*UTF8*$!
{
	archiveVersion = 1;
	classes = {
	};
	objectVersion = 77;
	objects = {

/* Begin PBXBuildFile section */
		5575FA00301658E900FB4722 /* Markdown in Frameworks */ = {isa = PBXBuildFile; productRef = 5575FA01301658E900FB4722 /* Markdown */; };
		A10000000000000000000001 /* Auth in Frameworks */ = {isa = PBXBuildFile; productRef = A10000000000000000000003 /* Auth */; };
/* End PBXBuildFile section */

/* Begin PBXContainerItemProxy section */
		5575F9DE301658E900FB4722 /* PBXContainerItemProxy */ = {
			isa = PBXContainerItemProxy;
			containerPortal = 5575F9C8301658E800FB4722 /* Project object */;
			proxyType = 1;
			remoteGlobalIDString = 5575F9CF301658E800FB4722;
			remoteInfo = BodyFlow;
		};
		5575F9E8301658E900FB4722 /* PBXContainerItemProxy */ = {
			isa = PBXContainerItemProxy;
			containerPortal = 5575F9C8301658E800FB4722 /* Project object */;
			proxyType = 1;
			remoteGlobalIDString = 5575F9CF301658E800FB4722;
			remoteInfo = BodyFlow;
		};
/* End PBXContainerItemProxy section */

/* Begin PBXFileReference section */
		5575F9D0301658E800FB4722 /* BodyFlow.app */ = {isa = PBXFileReference; explicitFileType = wrapper.application; includeInIndex = 0; path = BodyFlow.app; sourceTree = BUILT_PRODUCTS_DIR; };
		5575F9DD301658E900FB4722 /* BodyFlowTests.xctest */ = {isa = PBXFileReference; explicitFileType = wrapper.cfbundle; includeInIndex = 0; path = BodyFlowTests.xctest; sourceTree = BUILT_PRODUCTS_DIR; };
		5575F9E7301658E900FB4722 /* BodyFlowUITests.xctest */ = {isa = PBXFileReference; explicitFileType = wrapper.cfbundle; includeInIndex = 0; path = BodyFlowUITests.xctest; sourceTree = BUILT_PRODUCTS_DIR; };
/* End PBXFileReference section */

/* Begin PBXFileSystemSynchronizedBuildFileExceptionSet section */
		394E241DC4734D35B7E29CB6 /* Exceptions for "BodyFlow" folder in "BodyFlow" target */ = {
			isa = PBXFileSystemSynchronizedBuildFileExceptionSet;
			membershipExceptions = (
				Resources/Info.plist,
			);
			target = 5575F9CF301658E800FB4722 /* BodyFlow */;
		};
/* End PBXFileSystemSynchronizedBuildFileExceptionSet section */

/* Begin PBXFileSystemSynchronizedRootGroup section */
		5575F9D2301658E800FB4722 /* BodyFlow */ = {
			isa = PBXFileSystemSynchronizedRootGroup;
			exceptions = (
				394E241DC4734D35B7E29CB6 /* Exceptions for "BodyFlow" folder in "BodyFlow" target */,
			);
			path = BodyFlow;
			sourceTree = "<group>";
		};
		5575F9E0301658E900FB4722 /* BodyFlowTests */ = {
			isa = PBXFileSystemSynchronizedRootGroup;
			path = BodyFlowTests;
			sourceTree = "<group>";
		};
		5575F9EA301658E900FB4722 /* BodyFlowUITests */ = {
			isa = PBXFileSystemSynchronizedRootGroup;
			path = BodyFlowUITests;
			sourceTree = "<group>";
		};
/* End PBXFileSystemSynchronizedRootGroup section */

/* Begin PBXFrameworksBuildPhase section */
		5575F9CD301658E800FB4722 /* Frameworks */ = {
			isa = PBXFrameworksBuildPhase;
			buildActionMask = 2147483647;
			files = (
				5575FA00301658E900FB4722 /* Markdown in Frameworks */,
				A10000000000000000000001 /* Auth in Frameworks */,
			);
			runOnlyForDeploymentPostprocessing = 0;
		};
		5575F9DA301658E900FB4722 /* Frameworks */ = {
			isa = PBXFrameworksBuildPhase;
			buildActionMask = 2147483647;
			files = (
			);
			runOnlyForDeploymentPostprocessing = 0;
		};
		5575F9E4301658E900FB4722 /* Frameworks */ = {
			isa = PBXFrameworksBuildPhase;
			buildActionMask = 2147483647;
			files = (
			);
			runOnlyForDeploymentPostprocessing = 0;
		};
/* End PBXFrameworksBuildPhase section */

/* Begin PBXGroup section */
		5575F9C7301658E800FB4722 = {
			isa = PBXGroup;
			children = (
				5575F9D2301658E800FB4722 /* BodyFlow */,
				5575F9E0301658E900FB4722 /* BodyFlowTests */,
				5575F9EA301658E900FB4722 /* BodyFlowUITests */,
				5575F9D1301658E800FB4722 /* Products */,
			);
			sourceTree = "<group>";
		};
		5575F9D1301658E800FB4722 /* Products */ = {
			isa = PBXGroup;
			children = (
				5575F9D0301658E800FB4722 /* BodyFlow.app */,
				5575F9DD301658E900FB4722 /* BodyFlowTests.xctest */,
				5575F9E7301658E900FB4722 /* BodyFlowUITests.xctest */,
			);
			name = Products;
			sourceTree = "<group>";
		};
/* End PBXGroup section */

/* Begin PBXNativeTarget section */
		5575F9CF301658E800FB4722 /* BodyFlow */ = {
			isa = PBXNativeTarget;
			buildConfigurationList = 5575F9F1301658E900FB4722 /* Build configuration list for PBXNativeTarget "BodyFlow" */;
			buildPhases = (
				5575F9CC301658E800FB4722 /* Sources */,
				5575F9CD301658E800FB4722 /* Frameworks */,
				5575F9CE301658E800FB4722 /* Resources */,
			);
			buildRules = (
			);
			dependencies = (
			);
			fileSystemSynchronizedGroups = (
				5575F9D2301658E800FB4722 /* BodyFlow */,
			);
			name = BodyFlow;
			packageProductDependencies = (
				5575FA01301658E900FB4722 /* Markdown */,
				A10000000000000000000003 /* Auth */,
			);
			productName = BodyFlow;
			productReference = 5575F9D0301658E800FB4722 /* BodyFlow.app */;
			productType = "com.apple.product-type.application";
		};
		5575F9DC301658E900FB4722 /* BodyFlowTests */ = {
			isa = PBXNativeTarget;
			buildConfigurationList = 5575F9F4301658E900FB4722 /* Build configuration list for PBXNativeTarget "BodyFlowTests" */;
			buildPhases = (
				5575F9D9301658E900FB4722 /* Sources */,
				5575F9DA301658E900FB4722 /* Frameworks */,
				5575F9DB301658E900FB4722 /* Resources */,
			);
			buildRules = (
			);
			dependencies = (
				5575F9DF301658E900FB4722 /* PBXTargetDependency */,
			);
			fileSystemSynchronizedGroups = (
				5575F9E0301658E900FB4722 /* BodyFlowTests */,
			);
			name = BodyFlowTests;
			packageProductDependencies = (
			);
			productName = BodyFlowTests;
			productReference = 5575F9DD301658E900FB4722 /* BodyFlowTests.xctest */;
			productType = "com.apple.product-type.bundle.unit-test";
		};
		5575F9E6301658E900FB4722 /* BodyFlowUITests */ = {
			isa = PBXNativeTarget;
			buildConfigurationList = 5575F9F7301658E900FB4722 /* Build configuration list for PBXNativeTarget "BodyFlowUITests" */;
			buildPhases = (
				5575F9E3301658E900FB4722 /* Sources */,
				5575F9E4301658E900FB4722 /* Frameworks */,
				5575F9E5301658E900FB4722 /* Resources */,
			);
			buildRules = (
			);
			dependencies = (
				5575F9E9301658E900FB4722 /* PBXTargetDependency */,
			);
			fileSystemSynchronizedGroups = (
				5575F9EA301658E900FB4722 /* BodyFlowUITests */,
			);
			name = BodyFlowUITests;
			packageProductDependencies = (
			);
			productName = BodyFlowUITests;
			productReference = 5575F9E7301658E900FB4722 /* BodyFlowUITests.xctest */;
			productType = "com.apple.product-type.bundle.ui-testing";
		};
/* End PBXNativeTarget section */

/* Begin PBXProject section */
		5575F9C8301658E800FB4722 /* Project object */ = {
			isa = PBXProject;
			attributes = {
				BuildIndependentTargetsInParallel = 1;
				LastSwiftUpdateCheck = 2660;
				LastUpgradeCheck = 2660;
				TargetAttributes = {
					5575F9CF301658E800FB4722 = {
						CreatedOnToolsVersion = 26.6;
					};
					5575F9DC301658E900FB4722 = {
						CreatedOnToolsVersion = 26.6;
						TestTargetID = 5575F9CF301658E800FB4722;
					};
					5575F9E6301658E900FB4722 = {
						CreatedOnToolsVersion = 26.6;
						TestTargetID = 5575F9CF301658E800FB4722;
					};
				};
			};
			buildConfigurationList = 5575F9CB301658E800FB4722 /* Build configuration list for PBXProject "BodyFlow" */;
			developmentRegion = "pt-BR";
			hasScannedForEncodings = 0;
			knownRegions = (
				"pt-BR",
				en,
				Base,
			);
			mainGroup = 5575F9C7301658E800FB4722;
			minimizedProjectReferenceProxies = 1;
			preferredProjectObjectVersion = 77;
			productRefGroup = 5575F9D1301658E800FB4722 /* Products */;
			packageReferences = (
				5575FA02301658E900FB4722 /* XCRemoteSwiftPackageReference "swift-markdown" */,
				A10000000000000000000002 /* XCRemoteSwiftPackageReference "supabase-swift" */,
			);
			projectDirPath = "";
			projectRoot = "";
			targets = (
				5575F9CF301658E800FB4722 /* BodyFlow */,
				5575F9DC301658E900FB4722 /* BodyFlowTests */,
				5575F9E6301658E900FB4722 /* BodyFlowUITests */,
			);
		};
/* End PBXProject section */

/* Begin PBXResourcesBuildPhase section */
		5575F9CE301658E800FB4722 /* Resources */ = {
			isa = PBXResourcesBuildPhase;
			buildActionMask = 2147483647;
			files = (
			);
			runOnlyForDeploymentPostprocessing = 0;
		};
		5575F9DB301658E900FB4722 /* Resources */ = {
			isa = PBXResourcesBuildPhase;
			buildActionMask = 2147483647;
			files = (
			);
			runOnlyForDeploymentPostprocessing = 0;
		};
		5575F9E5301658E900FB4722 /* Resources */ = {
			isa = PBXResourcesBuildPhase;
			buildActionMask = 2147483647;
			files = (
			);
			runOnlyForDeploymentPostprocessing = 0;
		};
/* End PBXResourcesBuildPhase section */

/* Begin XCRemoteSwiftPackageReference section */
		5575FA02301658E900FB4722 /* XCRemoteSwiftPackageReference "swift-markdown" */ = {
			isa = XCRemoteSwiftPackageReference;
			repositoryURL = "https://github.com/swiftlang/swift-markdown.git";
			requirement = {
				kind = exactVersion;
				version = 0.8.0;
			};
		};
		A10000000000000000000002 /* XCRemoteSwiftPackageReference "supabase-swift" */ = {
			isa = XCRemoteSwiftPackageReference;
			repositoryURL = "https://github.com/supabase/supabase-swift.git";
			requirement = {
				kind = exactVersion;
				version = 2.55.1;
			};
		};
/* End XCRemoteSwiftPackageReference section */

/* Begin XCSwiftPackageProductDependency section */
		5575FA01301658E900FB4722 /* Markdown */ = {
			isa = XCSwiftPackageProductDependency;
			package = 5575FA02301658E900FB4722 /* XCRemoteSwiftPackageReference "swift-markdown" */;
			productName = Markdown;
		};
		A10000000000000000000003 /* Auth */ = {
			isa = XCSwiftPackageProductDependency;
			package = A10000000000000000000002 /* XCRemoteSwiftPackageReference "supabase-swift" */;
			productName = Auth;
		};
/* End XCSwiftPackageProductDependency section */

/* Begin PBXSourcesBuildPhase section */
		5575F9CC301658E800FB4722 /* Sources */ = {
			isa = PBXSourcesBuildPhase;
			buildActionMask = 2147483647;
			files = (
			);
			runOnlyForDeploymentPostprocessing = 0;
		};
		5575F9D9301658E900FB4722 /* Sources */ = {
			isa = PBXSourcesBuildPhase;
			buildActionMask = 2147483647;
			files = (
			);
			runOnlyForDeploymentPostprocessing = 0;
		};
		5575F9E3301658E900FB4722 /* Sources */ = {
			isa = PBXSourcesBuildPhase;
			buildActionMask = 2147483647;
			files = (
			);
			runOnlyForDeploymentPostprocessing = 0;
		};
/* End PBXSourcesBuildPhase section */

/* Begin PBXTargetDependency section */
		5575F9DF301658E900FB4722 /* PBXTargetDependency */ = {
			isa = PBXTargetDependency;
			target = 5575F9CF301658E800FB4722 /* BodyFlow */;
			targetProxy = 5575F9DE301658E900FB4722 /* PBXContainerItemProxy */;
		};
		5575F9E9301658E900FB4722 /* PBXTargetDependency */ = {
			isa = PBXTargetDependency;
			target = 5575F9CF301658E800FB4722 /* BodyFlow */;
			targetProxy = 5575F9E8301658E900FB4722 /* PBXContainerItemProxy */;
		};
/* End PBXTargetDependency section */

/* Begin XCBuildConfiguration section */
		5575F9EF301658E900FB4722 /* Debug */ = {
			isa = XCBuildConfiguration;
			buildSettings = {
				ALWAYS_SEARCH_USER_PATHS = NO;
				ASSETCATALOG_COMPILER_GENERATE_SWIFT_ASSET_SYMBOL_EXTENSIONS = YES;
				CLANG_ANALYZER_NONNULL = YES;
				CLANG_ANALYZER_NUMBER_OBJECT_CONVERSION = YES_AGGRESSIVE;
				CLANG_CXX_LANGUAGE_STANDARD = "gnu++20";
				CLANG_ENABLE_MODULES = YES;
				CLANG_ENABLE_OBJC_ARC = YES;
				CLANG_ENABLE_OBJC_WEAK = YES;
				CLANG_WARN_BLOCK_CAPTURE_AUTORELEASING = YES;
				CLANG_WARN_BOOL_CONVERSION = YES;
				CLANG_WARN_COMMA = YES;
				CLANG_WARN_CONSTANT_CONVERSION = YES;
				CLANG_WARN_DEPRECATED_OBJC_IMPLEMENTATIONS = YES;
				CLANG_WARN_DIRECT_OBJC_ISA_USAGE = YES_ERROR;
				CLANG_WARN_DOCUMENTATION_COMMENTS = YES;
				CLANG_WARN_EMPTY_BODY = YES;
				CLANG_WARN_ENUM_CONVERSION = YES;
				CLANG_WARN_INFINITE_RECURSION = YES;
				CLANG_WARN_INT_CONVERSION = YES;
				CLANG_WARN_NON_LITERAL_NULL_CONVERSION = YES;
				CLANG_WARN_OBJC_IMPLICIT_RETAIN_SELF = YES;
				CLANG_WARN_OBJC_LITERAL_CONVERSION = YES;
				CLANG_WARN_OBJC_ROOT_CLASS = YES_ERROR;
				CLANG_WARN_QUOTED_INCLUDE_IN_FRAMEWORK_HEADER = YES;
				CLANG_WARN_RANGE_LOOP_ANALYSIS = YES;
				CLANG_WARN_STRICT_PROTOTYPES = YES;
				CLANG_WARN_SUSPICIOUS_MOVE = YES;
				CLANG_WARN_UNGUARDED_AVAILABILITY = YES_AGGRESSIVE;
				CLANG_WARN_UNREACHABLE_CODE = YES;
				CLANG_WARN__DUPLICATE_METHOD_MATCH = YES;
				COPY_PHASE_STRIP = NO;
				DEBUG_INFORMATION_FORMAT = dwarf;
				ENABLE_STRICT_OBJC_MSGSEND = YES;
				ENABLE_TESTABILITY = YES;
				ENABLE_USER_SCRIPT_SANDBOXING = YES;
				GCC_C_LANGUAGE_STANDARD = gnu17;
				GCC_DYNAMIC_NO_PIC = NO;
				GCC_NO_COMMON_BLOCKS = YES;
				GCC_OPTIMIZATION_LEVEL = 0;
				GCC_PREPROCESSOR_DEFINITIONS = (
					"DEBUG=1",
					"$(inherited)",
				);
				GCC_WARN_64_TO_32_BIT_CONVERSION = YES;
				GCC_WARN_ABOUT_RETURN_TYPE = YES_ERROR;
				GCC_WARN_UNDECLARED_SELECTOR = YES;
				GCC_WARN_UNINITIALIZED_AUTOS = YES_AGGRESSIVE;
				GCC_WARN_UNUSED_FUNCTION = YES;
				GCC_WARN_UNUSED_VARIABLE = YES;
				IPHONEOS_DEPLOYMENT_TARGET = 18.0;
				LOCALIZATION_PREFERS_STRING_CATALOGS = YES;
				MTL_ENABLE_DEBUG_INFO = INCLUDE_SOURCE;
				MTL_FAST_MATH = YES;
				ONLY_ACTIVE_ARCH = YES;
				SDKROOT = iphoneos;
				SWIFT_ACTIVE_COMPILATION_CONDITIONS = "DEBUG $(inherited)";
				SWIFT_OPTIMIZATION_LEVEL = "-Onone";
			};
			name = Debug;
		};
		5575F9F0301658E900FB4722 /* Release */ = {
			isa = XCBuildConfiguration;
			buildSettings = {
				ALWAYS_SEARCH_USER_PATHS = NO;
				ASSETCATALOG_COMPILER_GENERATE_SWIFT_ASSET_SYMBOL_EXTENSIONS = YES;
				CLANG_ANALYZER_NONNULL = YES;
				CLANG_ANALYZER_NUMBER_OBJECT_CONVERSION = YES_AGGRESSIVE;
				CLANG_CXX_LANGUAGE_STANDARD = "gnu++20";
				CLANG_ENABLE_MODULES = YES;
				CLANG_ENABLE_OBJC_ARC = YES;
				CLANG_ENABLE_OBJC_WEAK = YES;
				CLANG_WARN_BLOCK_CAPTURE_AUTORELEASING = YES;
				CLANG_WARN_BOOL_CONVERSION = YES;
				CLANG_WARN_COMMA = YES;
				CLANG_WARN_CONSTANT_CONVERSION = YES;
				CLANG_WARN_DEPRECATED_OBJC_IMPLEMENTATIONS = YES;
				CLANG_WARN_DIRECT_OBJC_ISA_USAGE = YES_ERROR;
				CLANG_WARN_DOCUMENTATION_COMMENTS = YES;
				CLANG_WARN_EMPTY_BODY = YES;
				CLANG_WARN_ENUM_CONVERSION = YES;
				CLANG_WARN_INFINITE_RECURSION = YES;
				CLANG_WARN_INT_CONVERSION = YES;
				CLANG_WARN_NON_LITERAL_NULL_CONVERSION = YES;
				CLANG_WARN_OBJC_IMPLICIT_RETAIN_SELF = YES;
				CLANG_WARN_OBJC_LITERAL_CONVERSION = YES;
				CLANG_WARN_OBJC_ROOT_CLASS = YES_ERROR;
				CLANG_WARN_QUOTED_INCLUDE_IN_FRAMEWORK_HEADER = YES;
				CLANG_WARN_RANGE_LOOP_ANALYSIS = YES;
				CLANG_WARN_STRICT_PROTOTYPES = YES;
				CLANG_WARN_SUSPICIOUS_MOVE = YES;
				CLANG_WARN_UNGUARDED_AVAILABILITY = YES_AGGRESSIVE;
				CLANG_WARN_UNREACHABLE_CODE = YES;
				CLANG_WARN__DUPLICATE_METHOD_MATCH = YES;
				COPY_PHASE_STRIP = NO;
				DEBUG_INFORMATION_FORMAT = "dwarf-with-dsym";
				ENABLE_NS_ASSERTIONS = NO;
				ENABLE_STRICT_OBJC_MSGSEND = YES;
				ENABLE_USER_SCRIPT_SANDBOXING = YES;
				GCC_C_LANGUAGE_STANDARD = gnu17;
				GCC_NO_COMMON_BLOCKS = YES;
				GCC_WARN_64_TO_32_BIT_CONVERSION = YES;
				GCC_WARN_ABOUT_RETURN_TYPE = YES_ERROR;
				GCC_WARN_UNDECLARED_SELECTOR = YES;
				GCC_WARN_UNINITIALIZED_AUTOS = YES_AGGRESSIVE;
				GCC_WARN_UNUSED_FUNCTION = YES;
				GCC_WARN_UNUSED_VARIABLE = YES;
				IPHONEOS_DEPLOYMENT_TARGET = 18.0;
				LOCALIZATION_PREFERS_STRING_CATALOGS = YES;
				MTL_ENABLE_DEBUG_INFO = NO;
				MTL_FAST_MATH = YES;
				SDKROOT = iphoneos;
				SWIFT_COMPILATION_MODE = wholemodule;
				VALIDATE_PRODUCT = YES;
			};
			name = Release;
		};
		5575F9F2301658E900FB4722 /* Debug */ = {
			isa = XCBuildConfiguration;
			buildSettings = {
				ASSETCATALOG_COMPILER_APPICON_NAME = AppIcon;
				ASSETCATALOG_COMPILER_GLOBAL_ACCENT_COLOR_NAME = AccentColor;
				CODE_SIGN_STYLE = Automatic;
				CURRENT_PROJECT_VERSION = 1;
				ENABLE_PREVIEWS = YES;
				GENERATE_INFOPLIST_FILE = NO;
				INFOPLIST_FILE = BodyFlow/Resources/Info.plist;
				LD_RUNPATH_SEARCH_PATHS = (
					"$(inherited)",
					"@executable_path/Frameworks",
				);
				MARKETING_VERSION = 1.0;
				PRODUCT_BUNDLE_IDENTIFIER = com.bodyflow.app;
				PRODUCT_NAME = "$(TARGET_NAME)";
				STRING_CATALOG_GENERATE_SYMBOLS = YES;
				SUPPORTED_PLATFORMS = "iphoneos iphonesimulator";
				SUPPORTS_MACCATALYST = NO;
				SUPPORTS_MAC_DESIGNED_FOR_IPHONE_IPAD = NO;
				SWIFT_EMIT_LOC_STRINGS = NO;
				SWIFT_STRICT_CONCURRENCY = complete;
				SWIFT_UPCOMING_FEATURE_MEMBER_IMPORT_VISIBILITY = YES;
				SWIFT_VERSION = 6.0;
				TARGETED_DEVICE_FAMILY = 1;
			};
			name = Debug;
		};
		5575F9F3301658E900FB4722 /* Release */ = {
			isa = XCBuildConfiguration;
			buildSettings = {
				ASSETCATALOG_COMPILER_APPICON_NAME = AppIcon;
				ASSETCATALOG_COMPILER_GLOBAL_ACCENT_COLOR_NAME = AccentColor;
				CODE_SIGN_STYLE = Automatic;
				CURRENT_PROJECT_VERSION = 1;
				ENABLE_PREVIEWS = YES;
				GENERATE_INFOPLIST_FILE = NO;
				INFOPLIST_FILE = BodyFlow/Resources/Info.plist;
				LD_RUNPATH_SEARCH_PATHS = (
					"$(inherited)",
					"@executable_path/Frameworks",
				);
				MARKETING_VERSION = 1.0;
				PRODUCT_BUNDLE_IDENTIFIER = com.bodyflow.app;
				PRODUCT_NAME = "$(TARGET_NAME)";
				STRING_CATALOG_GENERATE_SYMBOLS = YES;
				SUPPORTED_PLATFORMS = "iphoneos iphonesimulator";
				SUPPORTS_MACCATALYST = NO;
				SUPPORTS_MAC_DESIGNED_FOR_IPHONE_IPAD = NO;
				SWIFT_EMIT_LOC_STRINGS = NO;
				SWIFT_STRICT_CONCURRENCY = complete;
				SWIFT_UPCOMING_FEATURE_MEMBER_IMPORT_VISIBILITY = YES;
				SWIFT_VERSION = 6.0;
				TARGETED_DEVICE_FAMILY = 1;
			};
			name = Release;
		};
		5575F9F5301658E900FB4722 /* Debug */ = {
			isa = XCBuildConfiguration;
			buildSettings = {
				BUNDLE_LOADER = "$(TEST_HOST)";
				CODE_SIGN_STYLE = Automatic;
				CURRENT_PROJECT_VERSION = 1;
				GENERATE_INFOPLIST_FILE = YES;
				IPHONEOS_DEPLOYMENT_TARGET = 18.0;
				MARKETING_VERSION = 1.0;
				PRODUCT_BUNDLE_IDENTIFIER = com.bodyflow.app.tests;
				PRODUCT_NAME = "$(TARGET_NAME)";
				STRING_CATALOG_GENERATE_SYMBOLS = NO;
				SUPPORTED_PLATFORMS = "iphoneos iphonesimulator";
				SWIFT_EMIT_LOC_STRINGS = NO;
				SWIFT_STRICT_CONCURRENCY = complete;
				SWIFT_UPCOMING_FEATURE_MEMBER_IMPORT_VISIBILITY = YES;
				SWIFT_VERSION = 6.0;
				TARGETED_DEVICE_FAMILY = 1;
				TEST_HOST = "$(BUILT_PRODUCTS_DIR)/BodyFlow.app/$(BUNDLE_EXECUTABLE_FOLDER_PATH)/BodyFlow";
			};
			name = Debug;
		};
		5575F9F6301658E900FB4722 /* Release */ = {
			isa = XCBuildConfiguration;
			buildSettings = {
				BUNDLE_LOADER = "$(TEST_HOST)";
				CODE_SIGN_STYLE = Automatic;
				CURRENT_PROJECT_VERSION = 1;
				GENERATE_INFOPLIST_FILE = YES;
				IPHONEOS_DEPLOYMENT_TARGET = 18.0;
				MARKETING_VERSION = 1.0;
				PRODUCT_BUNDLE_IDENTIFIER = com.bodyflow.app.tests;
				PRODUCT_NAME = "$(TARGET_NAME)";
				STRING_CATALOG_GENERATE_SYMBOLS = NO;
				SUPPORTED_PLATFORMS = "iphoneos iphonesimulator";
				SWIFT_EMIT_LOC_STRINGS = NO;
				SWIFT_STRICT_CONCURRENCY = complete;
				SWIFT_UPCOMING_FEATURE_MEMBER_IMPORT_VISIBILITY = YES;
				SWIFT_VERSION = 6.0;
				TARGETED_DEVICE_FAMILY = 1;
				TEST_HOST = "$(BUILT_PRODUCTS_DIR)/BodyFlow.app/$(BUNDLE_EXECUTABLE_FOLDER_PATH)/BodyFlow";
			};
			name = Release;
		};
		5575F9F8301658E900FB4722 /* Debug */ = {
			isa = XCBuildConfiguration;
			buildSettings = {
				CODE_SIGN_STYLE = Automatic;
				CURRENT_PROJECT_VERSION = 1;
				GENERATE_INFOPLIST_FILE = YES;
				IPHONEOS_DEPLOYMENT_TARGET = 18.0;
				MARKETING_VERSION = 1.0;
				PRODUCT_BUNDLE_IDENTIFIER = com.bodyflow.app.uitests;
				PRODUCT_NAME = "$(TARGET_NAME)";
				STRING_CATALOG_GENERATE_SYMBOLS = NO;
				SUPPORTED_PLATFORMS = "iphoneos iphonesimulator";
				SWIFT_EMIT_LOC_STRINGS = NO;
				SWIFT_STRICT_CONCURRENCY = complete;
				SWIFT_UPCOMING_FEATURE_MEMBER_IMPORT_VISIBILITY = YES;
				SWIFT_VERSION = 6.0;
				TARGETED_DEVICE_FAMILY = 1;
				TEST_TARGET_NAME = BodyFlow;
			};
			name = Debug;
		};
		5575F9F9301658E900FB4722 /* Release */ = {
			isa = XCBuildConfiguration;
			buildSettings = {
				CODE_SIGN_STYLE = Automatic;
				CURRENT_PROJECT_VERSION = 1;
				GENERATE_INFOPLIST_FILE = YES;
				IPHONEOS_DEPLOYMENT_TARGET = 18.0;
				MARKETING_VERSION = 1.0;
				PRODUCT_BUNDLE_IDENTIFIER = com.bodyflow.app.uitests;
				PRODUCT_NAME = "$(TARGET_NAME)";
				STRING_CATALOG_GENERATE_SYMBOLS = NO;
				SUPPORTED_PLATFORMS = "iphoneos iphonesimulator";
				SWIFT_EMIT_LOC_STRINGS = NO;
				SWIFT_STRICT_CONCURRENCY = complete;
				SWIFT_UPCOMING_FEATURE_MEMBER_IMPORT_VISIBILITY = YES;
				SWIFT_VERSION = 6.0;
				TARGETED_DEVICE_FAMILY = 1;
				TEST_TARGET_NAME = BodyFlow;
			};
			name = Release;
		};
/* End XCBuildConfiguration section */

/* Begin XCConfigurationList section */
		5575F9CB301658E800FB4722 /* Build configuration list for PBXProject "BodyFlow" */ = {
			isa = XCConfigurationList;
			buildConfigurations = (
				5575F9EF301658E900FB4722 /* Debug */,
				5575F9F0301658E900FB4722 /* Release */,
			);
			defaultConfigurationIsVisible = 0;
			defaultConfigurationName = Release;
		};
		5575F9F1301658E900FB4722 /* Build configuration list for PBXNativeTarget "BodyFlow" */ = {
			isa = XCConfigurationList;
			buildConfigurations = (
				5575F9F2301658E900FB4722 /* Debug */,
				5575F9F3301658E900FB4722 /* Release */,
			);
			defaultConfigurationIsVisible = 0;
			defaultConfigurationName = Release;
		};
		5575F9F4301658E900FB4722 /* Build configuration list for PBXNativeTarget "BodyFlowTests" */ = {
			isa = XCConfigurationList;
			buildConfigurations = (
				5575F9F5301658E900FB4722 /* Debug */,
				5575F9F6301658E900FB4722 /* Release */,
			);
			defaultConfigurationIsVisible = 0;
			defaultConfigurationName = Release;
		};
		5575F9F7301658E900FB4722 /* Build configuration list for PBXNativeTarget "BodyFlowUITests" */ = {
			isa = XCConfigurationList;
			buildConfigurations = (
				5575F9F8301658E900FB4722 /* Debug */,
				5575F9F9301658E900FB4722 /* Release */,
			);
			defaultConfigurationIsVisible = 0;
			defaultConfigurationName = Release;
		};
/* End XCConfigurationList section */
	};
	rootObject = 5575F9C8301658E800FB4722 /* Project object */;
}
